
Microsoft Visual Studio Solution File, Format Version 12.00
# Visual Studio Version 17
VisualStudioVersion = 17.9.34616.47
MinimumVisualStudioVersion = 10.0.40219.1
Project("{FAE04EC0-301F-11D3-BF4B-00C04F79EFBC}") = "AreaOfRectangle", "AreaOfRectangle.csproj", "{48BB4309-5535-439D-AF4B-84BC53E54215}"
EndProject
Global
	GlobalSection(SolutionConfigurationPlatforms) = preSolution
		Debug|Any CPU = Debug|Any CPU
		Release|Any CPU = Release|Any CPU
	EndGlobalSection
	GlobalSection(ProjectConfigurationPlatforms) = postSolution
		{48BB4309-5535-439D-AF4B-84BC53E54215}.Debug|Any CPU.ActiveCfg = Debug|Any CPU
		{48BB4309-5535-439D-AF4B-84BC53E54215}.Debug|Any CPU.Build.0 = Debug|Any CPU
		{48BB4309-5535-439D-AF4B-84BC53E54215}.Release|Any CPU.ActiveCfg = Release|Any CPU
		{48BB4309-5535-439D-AF4B-84BC53E54215}.Release|Any CPU.Build.0 = Release|Any CPU
	EndGlobalSection
	GlobalSection(SolutionProperties) = preSolution
		HideSolutionNode = FALSE
	EndGlobalSection
	GlobalSection(ExtensibilityGlobals) = postSolution
		SolutionGuid = {24E6E0EF-F195-4730-BFB7-A56FACBE12F6}
	EndGlobalSection
EndGlobal
